%{"benchfella": {:hex, :benchfella, "0.3.2", "b9648e77fa8d8b8b9fe8f54293bee63f7de03909b3af6ab22a0e546716a396fb", [:mix], []},
  "connection": {:hex, :connection, "1.0.3", "3145f7416be3df248a4935f24e3221dc467c1e3a158d62015b35bd54da365786", [:mix], []},
  "corman": {:git, "git://github.com/EchoTeam/corman.git", "1c1ae1c0aa97ed1976d9042ac9fb805b51214661", [branch: "master"]},
  "dht_ring": {:git, "git://github.com/EchoTeam/dht_ring.git", "d5b880ad76aefc81547dbb76b48a97a01d52ff41", [branch: "master"]},
  "earmark": {:hex, :earmark, "1.1.1", "433136b7f2e99cde88b745b3a0cfc3fbc81fe58b918a09b40fce7f00db4d8187", [:mix], []},
  "ex_doc": {:hex, :ex_doc, "0.15.0", "e73333785eef3488cf9144a6e847d3d647e67d02bd6fdac500687854dd5c599f", [:mix], [{:earmark, "~> 1.1", [hex: :earmark, optional: false]}]},
  "exprintf": {:hex, :exprintf, "0.1.6", "b5b0a38bf78a357dbc61cdf7364fea004af6fdf5214be44021eb2ea7edf61f6e", [:mix], []},
  "exprof": {:hex, :exprof, "0.2.0", "b03f50d0d33e2f18c8e047d9188ba765dc32daba0b553ed717a98a78561d5eaf", [:mix], [{:exprintf, "~> 0.1", [hex: :exprintf, optional: false]}]},
  "fs": {:hex, :fs, "0.9.2", "ed17036c26c3f70ac49781ed9220a50c36775c6ca2cf8182d123b6566e49ec59", [:rebar], []},
  "goldrush": {:git, "git://github.com/DeadZen/goldrush.git", "1d883423ac360b3536ca52dc733a0164bacf3109", [tag: "0.1.5"]},
  "lager": {:git, "git://github.com/basho/lager.git", "ad400896af5b1ad8b4f7a4d34e609b5a990640bb", [tag: "2.0.1"]},
  "mcd": {:git, "https://github.com/EchoTeam/mcd.git", "b5b4a32ef2c9e2f6a4faa992536cb3da3548e0f8", []},
  "mix_test_watch": {:hex, :mix_test_watch, "0.2.6", "9fcc2b1b89d1594c4a8300959c19d50da2f0ff13642c8f681692a6e507f92cab", [:mix], [{:fs, "~> 0.9.1", [hex: :fs, optional: false]}]},
  "poison": {:hex, :poison, "2.2.0", "4763b69a8a77bd77d26f477d196428b741261a761257ff1cf92753a0d4d24a63", [:mix], []}}
