%{
  "benchee": {:hex, :benchee, "0.6.0", "c2565506c621ee010e71d05f555e39a1b937e00810e284bc85463a4d4efc4b00", [:mix], [{:deep_merge, "~> 0.1", [hex: :deep_merge, repo: "hexpm", optional: false]}], "hexpm", "321930aa93b591b48bd6acb9ca2f17ac86c3d9305b64d7288e21f67cf7ba3381"},
  "connection": {:hex, :connection, "1.1.0", "ff2a49c4b75b6fb3e674bfc5536451607270aac754ffd1bdfe175abe4a6d7a68", [:mix], [], "hexpm", "722c1eb0a418fbe91ba7bd59a47e28008a189d47e37e0e7bb85585a016b2869c"},
  "corman": {:git, "git://github.com/EchoTeam/corman.git", "1c1ae1c0aa97ed1976d9042ac9fb805b51214661", [branch: "master"]},
  "deep_merge": {:hex, :deep_merge, "0.1.1", "c27866a7524a337b6a039eeb8dd4f17d458fd40fbbcb8c54661b71a22fffe846", [:mix], [], "hexpm", "7dd57812332d76067deb9611b93cc98ac74cbb3b09480eef80c7e3c5a0813ecf"},
  "dht_ring": {:git, "git://github.com/EchoTeam/dht_ring.git", "d5b880ad76aefc81547dbb76b48a97a01d52ff41", [branch: "master"]},
  "dialyxir": {:hex, :dialyxir, "0.5.1", "b331b091720fd93e878137add264bac4f644e1ddae07a70bf7062c7862c4b952", [:mix], [], "hexpm", "6c32a70ed5d452c6650916555b1f96c79af5fc4bf286997f8b15f213de786f73"},
  "earmark": {:hex, :earmark, "1.3.2", "b840562ea3d67795ffbb5bd88940b1bed0ed9fa32834915125ea7d02e35888a5", [:mix], [], "hexpm", "e3be2bc3ae67781db529b80aa7e7c49904a988596e2dbff897425b48b3581161"},
  "earmark_parser": {:hex, :earmark_parser, "1.4.12", "b245e875ec0a311a342320da0551da407d9d2b65d98f7a9597ae078615af3449", [:mix], [], "hexpm", "711e2cc4d64abb7d566d43f54b78f7dc129308a63bc103fbd88550d2174b3160"},
  "ex_doc": {:hex, :ex_doc, "0.24.2", "e4c26603830c1a2286dae45f4412a4d1980e1e89dc779fcd0181ed1d5a05c8d9", [:mix], [{:earmark_parser, "~> 1.4.0", [hex: :earmark_parser, repo: "hexpm", optional: false]}, {:makeup_elixir, "~> 0.14", [hex: :makeup_elixir, repo: "hexpm", optional: false]}, {:makeup_erlang, "~> 0.1", [hex: :makeup_erlang, repo: "hexpm", optional: false]}], "hexpm", "e134e1d9e821b8d9e4244687fb2ace58d479b67b282de5158333b0d57c6fb7da"},
  "exprintf": {:hex, :exprintf, "0.1.6", "b5b0a38bf78a357dbc61cdf7364fea004af6fdf5214be44021eb2ea7edf61f6e", [:mix], [], "hexpm", "7acb31f93cef83effd3aa1f0572f9e29d7d1b4f50a6d456e2830fa7594c16182"},
  "exprof": {:hex, :exprof, "0.2.0", "b03f50d0d33e2f18c8e047d9188ba765dc32daba0b553ed717a98a78561d5eaf", [:mix], [{:exprintf, "~> 0.1", [hex: :exprintf, repo: "hexpm", optional: false]}], "hexpm", "2b3b8c623873172a6c7ba1707981f51feea6b6edbabd5347752030803ad0c954"},
  "fs": {:hex, :fs, "0.9.2", "ed17036c26c3f70ac49781ed9220a50c36775c6ca2cf8182d123b6566e49ec59", [:rebar], [], "hexpm", "9a00246e8af58cdf465ae7c48fd6fd7ba2e43300413dfcc25447ecd3bf76f0c1"},
  "goldrush": {:git, "git://github.com/DeadZen/goldrush.git", "212299233c7e7eb63a97be2777e1c05ebaa58dbe", [tag: "0.1.8"]},
  "lager": {:git, "git://github.com/basho/lager.git", "45fe95ba6cd964b7a667394c4e671a5afe8f5a42", [tag: "3.2.0"]},
  "makeup": {:hex, :makeup, "1.0.5", "d5a830bc42c9800ce07dd97fa94669dfb93d3bf5fcf6ea7a0c67b2e0e4a7f26c", [:mix], [{:nimble_parsec, "~> 0.5 or ~> 1.0", [hex: :nimble_parsec, repo: "hexpm", optional: false]}], "hexpm", "cfa158c02d3f5c0c665d0af11512fed3fba0144cf1aadee0f2ce17747fba2ca9"},
  "makeup_elixir": {:hex, :makeup_elixir, "0.15.1", "b5888c880d17d1cc3e598f05cdb5b5a91b7b17ac4eaf5f297cb697663a1094dd", [:mix], [{:makeup, "~> 1.0", [hex: :makeup, repo: "hexpm", optional: false]}, {:nimble_parsec, "~> 1.1", [hex: :nimble_parsec, repo: "hexpm", optional: false]}], "hexpm", "db68c173234b07ab2a07f645a5acdc117b9f99d69ebf521821d89690ae6c6ec8"},
  "makeup_erlang": {:hex, :makeup_erlang, "0.1.1", "3fcb7f09eb9d98dc4d208f49cc955a34218fc41ff6b84df7c75b3e6e533cc65f", [:mix], [{:makeup, "~> 1.0", [hex: :makeup, repo: "hexpm", optional: false]}], "hexpm", "174d0809e98a4ef0b3309256cbf97101c6ec01c4ab0b23e926a9e17df2077cbb"},
  "mcd": {:git, "https://github.com/EchoTeam/mcd.git", "b5b4a32ef2c9e2f6a4faa992536cb3da3548e0f8", []},
  "mix_test_watch": {:hex, :mix_test_watch, "0.2.6", "9fcc2b1b89d1594c4a8300959c19d50da2f0ff13642c8f681692a6e507f92cab", [:mix], [{:fs, "~> 0.9.1", [hex: :fs, repo: "hexpm", optional: false]}], "hexpm", "b7019e9a0eba42bc98f15be9c1402f23c2b0dab7b67e71bba8bc5b337b0ab273"},
  "nimble_parsec": {:hex, :nimble_parsec, "1.1.0", "3a6fca1550363552e54c216debb6a9e95bd8d32348938e13de5eda962c0d7f89", [:mix], [], "hexpm", "08eb32d66b706e913ff748f11694b17981c0b04a33ef470e33e11b3d3ac8f54b"},
  "poison": {:hex, :poison, "6.0.0", "9bbe86722355e36ffb62c51a552719534257ba53f3271dacd20fbbd6621a583a", [:mix], [{:decimal, "~> 2.1", [hex: :decimal, repo: "hexpm", optional: true]}], "hexpm", "bb9064632b94775a3964642d6a78281c07b7be1319e0016e1643790704e739a2"},
  "telemetry": {:hex, :telemetry, "0.4.1", "ae2718484892448a24470e6aa341bc847c3277bfb8d4e9289f7474d752c09c7f", [:rebar3], [], "hexpm", "4738382e36a0a9a2b6e25d67c960e40e1a2c95560b9f936d8e29de8cd858480f"},
  "tesla": {:hex, :tesla, "0.6.0", "ede6f50c4f7d57d6787c313c30279b1d7176c362cd6f39993166375f540ec368", [:mix], [{:exjsx, ">= 0.1.0", [hex: :exjsx, repo: "hexpm", optional: true]}, {:fuse, "~> 2.4", [hex: :fuse, repo: "hexpm", optional: true]}, {:hackney, "~> 1.6.0", [hex: :hackney, repo: "hexpm", optional: true]}, {:ibrowse, "~> 4.2", [hex: :ibrowse, repo: "hexpm", optional: true]}, {:poison, ">= 1.0.0", [hex: :poison, repo: "hexpm", optional: true]}], "hexpm", "a225197387e1b769f6934c6631f6730ce709e51eb9ddf5878484bee2e185756e"},
  "toxiproxy": {:hex, :toxiproxy, "0.3.0", "b21c5e5a32faadc8ce0735fa30e68f37144a5f3d96b30eb524015e4598623af9", [:mix], [{:poison, ">= 1.0.0", [hex: :poison, repo: "hexpm", optional: false]}, {:tesla, "~> 0.6.0", [hex: :tesla, repo: "hexpm", optional: false]}], "hexpm", "632e58e9de8c94a7ff72c97cf9f99236cca4b7e230d9b029b2987a1d8d63338c"},
}
